
Microsoft Visual Studio Solution File, Format Version 12.00
# Visual Studio Version 16
VisualStudioVersion = 16.0.31129.286
MinimumVisualStudioVersion = 10.0.40219.1
Project("{FAE04EC0-301F-11D3-BF4B-00C04F79EFBC}") = "ForGitHub", "ForGitHub\ForGitHub.csproj", "{21EBF5A4-F3B5-4E33-9EF5-9882C3C0B0EB}"
EndProject
Global
	GlobalSection(SolutionConfigurationPlatforms) = preSolution
		Debug|Any CPU = Debug|Any CPU
		Release|Any CPU = Release|Any CPU
	EndGlobalSection
	GlobalSection(ProjectConfigurationPlatforms) = postSolution
		{21EBF5A4-F3B5-4E33-9EF5-9882C3C0B0EB}.Debug|Any CPU.ActiveCfg = Debug|Any CPU
		{21EBF5A4-F3B5-4E33-9EF5-9882C3C0B0EB}.Debug|Any CPU.Build.0 = Debug|Any CPU
		{21EBF5A4-F3B5-4E33-9EF5-9882C3C0B0EB}.Release|Any CPU.ActiveCfg = Release|Any CPU
		{21EBF5A4-F3B5-4E33-9EF5-9882C3C0B0EB}.Release|Any CPU.Build.0 = Release|Any CPU
	EndGlobalSection
	GlobalSection(SolutionProperties) = preSolution
		HideSolutionNode = FALSE
	EndGlobalSection
	GlobalSection(ExtensibilityGlobals) = postSolution
		SolutionGuid = {36F0D907-85F3-44FF-94D1-69DEEA0DE9E5}
	EndGlobalSection
EndGlobal
